
Microsoft Visual Studio Solution File, Format Version 12.00
# Visual Studio Version 16
VisualStudioVersion = 16.0.30621.155
MinimumVisualStudioVersion = 10.0.40219.1
Project("{FAE04EC0-301F-11D3-BF4B-00C04F79EFBC}") = "ShoppingList.UWP", "ShoppingList\ShoppingList.UWP\ShoppingList.UWP.csproj", "{2F2A6F4F-801D-47BE-BB07-7C8AD11846BB}"
EndProject
Project("{FAE04EC0-301F-11D3-BF4B-00C04F79EFBC}") = "ShoppingList.Android", "ShoppingList\ShoppingList.Android\ShoppingList.Android.csproj", "{3CF61074-3EE3-43E3-83B4-9EFFB8C33A59}"
EndProject
Project("{FAE04EC0-301F-11D3-BF4B-00C04F79EFBC}") = "ShoppingList.iOS", "ShoppingList\ShoppingList.iOS\ShoppingList.iOS.csproj", "{D7174E96-3805-48C7-A768-84EDC4BD5439}"
EndProject
Project("{FAE04EC0-301F-11D3-BF4B-00C04F79EFBC}") = "ShoppingList", "ShoppingList\ShoppingList\ShoppingList.csproj", "{6D8F1122-CEC9-443F-B6C0-AC33A75286EA}"
EndProject
Global
	GlobalSection(SolutionConfigurationPlatforms) = preSolution
		Debug|Any CPU = Debug|Any CPU
		Debug|ARM = Debug|ARM
		Debug|iPhone = Debug|iPhone
		Debug|iPhoneSimulator = Debug|iPhoneSimulator
		Debug|x64 = Debug|x64
		Debug|x86 = Debug|x86
		Release|Any CPU = Release|Any CPU
		Release|ARM = Release|ARM
		Release|iPhone = Release|iPhone
		Release|iPhoneSimulator = Release|iPhoneSimulator
		Release|x64 = Release|x64
		Release|x86 = Release|x86
	EndGlobalSection
	GlobalSection(ProjectConfigurationPlatforms) = postSolution
		{2F2A6F4F-801D-47BE-BB07-7C8AD11846BB}.Debug|Any CPU.ActiveCfg = Debug|x86
		{2F2A6F4F-801D-47BE-BB07-7C8AD11846BB}.Debug|Any CPU.Build.0 = Debug|x86
		{2F2A6F4F-801D-47BE-BB07-7C8AD11846BB}.Debug|Any CPU.Deploy.0 = Debug|x86
		{2F2A6F4F-801D-47BE-BB07-7C8AD11846BB}.Debug|ARM.ActiveCfg = Debug|ARM
		{2F2A6F4F-801D-47BE-BB07-7C8AD11846BB}.Debug|ARM.Build.0 = Debug|ARM
		{2F2A6F4F-801D-47BE-BB07-7C8AD11846BB}.Debug|ARM.Deploy.0 = Debug|ARM
		{2F2A6F4F-801D-47BE-BB07-7C8AD11846BB}.Debug|iPhone.ActiveCfg = Debug|x86
		{2F2A6F4F-801D-47BE-BB07-7C8AD11846BB}.Debug|iPhone.Build.0 = Debug|x86
		{2F2A6F4F-801D-47BE-BB07-7C8AD11846BB}.Debug|iPhone.Deploy.0 = Debug|x86
		{2F2A6F4F-801D-47BE-BB07-7C8AD11846BB}.Debug|iPhoneSimulator.ActiveCfg = Debug|x86
		{2F2A6F4F-801D-47BE-BB07-7C8AD11846BB}.Debug|iPhoneSimulator.Build.0 = Debug|x86
		{2F2A6F4F-801D-47BE-BB07-7C8AD11846BB}.Debug|iPhoneSimulator.Deploy.0 = Debug|x86
		{2F2A6F4F-801D-47BE-BB07-7C8AD11846BB}.Debug|x64.ActiveCfg = Debug|x64
		{2F2A6F4F-801D-47BE-BB07-7C8AD11846BB}.Debug|x64.Build.0 = Debug|x64
		{2F2A6F4F-801D-47BE-BB07-7C8AD11846BB}.Debug|x64.Deploy.0 = Debug|x64
		{2F2A6F4F-801D-47BE-BB07-7C8AD11846BB}.Debug|x86.ActiveCfg = Debug|x86
		{2F2A6F4F-801D-47BE-BB07-7C8AD11846BB}.Debug|x86.Build.0 = Debug|x86
		{2F2A6F4F-801D-47BE-BB07-7C8AD11846BB}.Debug|x86.Deploy.0 = Debug|x86
		{2F2A6F4F-801D-47BE-BB07-7C8AD11846BB}.Release|Any CPU.ActiveCfg = Release|x86
		{2F2A6F4F-801D-47BE-BB07-7C8AD11846BB}.Release|Any CPU.Build.0 = Release|x86
		{2F2A6F4F-801D-47BE-BB07-7C8AD11846BB}.Release|Any CPU.Deploy.0 = Release|x86
		{2F2A6F4F-801D-47BE-BB07-7C8AD11846BB}.Release|ARM.ActiveCfg = Release|ARM
		{2F2A6F4F-801D-47BE-BB07-7C8AD11846BB}.Release|ARM.Build.0 = Release|ARM
		{2F2A6F4F-801D-47BE-BB07-7C8AD11846BB}.Release|ARM.Deploy.0 = Release|ARM
		{2F2A6F4F-801D-47BE-BB07-7C8AD11846BB}.Release|iPhone.ActiveCfg = Release|x86
		{2F2A6F4F-801D-47BE-BB07-7C8AD11846BB}.Release|iPhone.Build.0 = Release|x86
		{2F2A6F4F-801D-47BE-BB07-7C8AD11846BB}.Release|iPhone.Deploy.0 = Release|x86
		{2F2A6F4F-801D-47BE-BB07-7C8AD11846BB}.Release|iPhoneSimulator.ActiveCfg = Release|x86
		{2F2A6F4F-801D-47BE-BB07-7C8AD11846BB}.Release|iPhoneSimulator.Build.0 = Release|x86
		{2F2A6F4F-801D-47BE-BB07-7C8AD11846BB}.Release|iPhoneSimulator.Deploy.0 = Release|x86
		{2F2A6F4F-801D-47BE-BB07-7C8AD11846BB}.Release|x64.ActiveCfg = Release|x64
		{2F2A6F4F-801D-47BE-BB07-7C8AD11846BB}.Release|x64.Build.0 = Release|x64
		{2F2A6F4F-801D-47BE-BB07-7C8AD11846BB}.Release|x64.Deploy.0 = Release|x64
		{2F2A6F4F-801D-47BE-BB07-7C8AD11846BB}.Release|x86.ActiveCfg = Release|x86
		{2F2A6F4F-801D-47BE-BB07-7C8AD11846BB}.Release|x86.Build.0 = Release|x86
		{2F2A6F4F-801D-47BE-BB07-7C8AD11846BB}.Release|x86.Deploy.0 = Release|x86
		{3CF61074-3EE3-43E3-83B4-9EFFB8C33A59}.Debug|Any CPU.ActiveCfg = Debug|Any CPU
		{3CF61074-3EE3-43E3-83B4-9EFFB8C33A59}.Debug|Any CPU.Build.0 = Debug|Any CPU
		{3CF61074-3EE3-43E3-83B4-9EFFB8C33A59}.Debug|Any CPU.Deploy.0 = Debug|Any CPU
		{3CF61074-3EE3-43E3-83B4-9EFFB8C33A59}.Debug|ARM.ActiveCfg = Debug|Any CPU
		{3CF61074-3EE3-43E3-83B4-9EFFB8C33A59}.Debug|ARM.Build.0 = Debug|Any CPU
		{3CF61074-3EE3-43E3-83B4-9EFFB8C33A59}.Debug|ARM.Deploy.0 = Debug|Any CPU
		{3CF61074-3EE3-43E3-83B4-9EFFB8C33A59}.Debug|iPhone.ActiveCfg = Debug|Any CPU
		{3CF61074-3EE3-43E3-83B4-9EFFB8C33A59}.Debug|iPhone.Build.0 = Debug|Any CPU
		{3CF61074-3EE3-43E3-83B4-9EFFB8C33A59}.Debug|iPhone.Deploy.0 = Debug|Any CPU
		{3CF61074-3EE3-43E3-83B4-9EFFB8C33A59}.Debug|iPhoneSimulator.ActiveCfg = Debug|Any CPU
		{3CF61074-3EE3-43E3-83B4-9EFFB8C33A59}.Debug|iPhoneSimulator.Build.0 = Debug|Any CPU
		{3CF61074-3EE3-43E3-83B4-9EFFB8C33A59}.Debug|iPhoneSimulator.Deploy.0 = Debug|Any CPU
		{3CF61074-3EE3-43E3-83B4-9EFFB8C33A59}.Debug|x64.ActiveCfg = Debug|Any CPU
		{3CF61074-3EE3-43E3-83B4-9EFFB8C33A59}.Debug|x64.Build.0 = Debug|Any CPU
		{3CF61074-3EE3-43E3-83B4-9EFFB8C33A59}.Debug|x64.Deploy.0 = Debug|Any CPU
		{3CF61074-3EE3-43E3-83B4-9EFFB8C33A59}.Debug|x86.ActiveCfg = Debug|Any CPU
		{3CF61074-3EE3-43E3-83B4-9EFFB8C33A59}.Debug|x86.Build.0 = Debug|Any CPU
		{3CF61074-3EE3-43E3-83B4-9EFFB8C33A59}.Debug|x86.Deploy.0 = Debug|Any CPU
		{3CF61074-3EE3-43E3-83B4-9EFFB8C33A59}.Release|Any CPU.ActiveCfg = Release|Any CPU
		{3CF61074-3EE3-43E3-83B4-9EFFB8C33A59}.Release|Any CPU.Build.0 = Release|Any CPU
		{3CF61074-3EE3-43E3-83B4-9EFFB8C33A59}.Release|Any CPU.Deploy.0 = Release|Any CPU
		{3CF61074-3EE3-43E3-83B4-9EFFB8C33A59}.Release|ARM.ActiveCfg = Release|Any CPU
		{3CF61074-3EE3-43E3-83B4-9EFFB8C33A59}.Release|ARM.Build.0 = Release|Any CPU
		{3CF61074-3EE3-43E3-83B4-9EFFB8C33A59}.Release|ARM.Deploy.0 = Release|Any CPU
		{3CF61074-3EE3-43E3-83B4-9EFFB8C33A59}.Release|iPhone.ActiveCfg = Release|Any CPU
		{3CF61074-3EE3-43E3-83B4-9EFFB8C33A59}.Release|iPhone.Build.0 = Release|Any CPU
		{3CF61074-3EE3-43E3-83B4-9EFFB8C33A59}.Release|iPhone.Deploy.0 = Release|Any CPU
		{3CF61074-3EE3-43E3-83B4-9EFFB8C33A59}.Release|iPhoneSimulator.ActiveCfg = Release|Any CPU
		{3CF61074-3EE3-43E3-83B4-9EFFB8C33A59}.Release|iPhoneSimulator.Build.0 = Release|Any CPU
		{3CF61074-3EE3-43E3-83B4-9EFFB8C33A59}.Release|iPhoneSimulator.Deploy.0 = Release|Any CPU
		{3CF61074-3EE3-43E3-83B4-9EFFB8C33A59}.Release|x64.ActiveCfg = Release|Any CPU
		{3CF61074-3EE3-43E3-83B4-9EFFB8C33A59}.Release|x64.Build.0 = Release|Any CPU
		{3CF61074-3EE3-43E3-83B4-9EFFB8C33A59}.Release|x64.Deploy.0 = Release|Any CPU
		{3CF61074-3EE3-43E3-83B4-9EFFB8C33A59}.Release|x86.ActiveCfg = Release|Any CPU
		{3CF61074-3EE3-43E3-83B4-9EFFB8C33A59}.Release|x86.Build.0 = Release|Any CPU
		{3CF61074-3EE3-43E3-83B4-9EFFB8C33A59}.Release|x86.Deploy.0 = Release|Any CPU
		{D7174E96-3805-48C7-A768-84EDC4BD5439}.Debug|Any CPU.ActiveCfg = Debug|iPhoneSimulator
		{D7174E96-3805-48C7-A768-84EDC4BD5439}.Debug|Any CPU.Build.0 = Debug|iPhoneSimulator
		{D7174E96-3805-48C7-A768-84EDC4BD5439}.Debug|Any CPU.Deploy.0 = Debug|iPhoneSimulator
		{D7174E96-3805-48C7-A768-84EDC4BD5439}.Debug|ARM.ActiveCfg = Debug|iPhone
		{D7174E96-3805-48C7-A768-84EDC4BD5439}.Debug|ARM.Build.0 = Debug|iPhone
		{D7174E96-3805-48C7-A768-84EDC4BD5439}.Debug|ARM.Deploy.0 = Debug|iPhone
		{D7174E96-3805-48C7-A768-84EDC4BD5439}.Debug|iPhone.ActiveCfg = Debug|iPhone
		{D7174E96-3805-48C7-A768-84EDC4BD5439}.Debug|iPhone.Build.0 = Debug|iPhone
		{D7174E96-3805-48C7-A768-84EDC4BD5439}.Debug|iPhone.Deploy.0 = Debug|iPhone
		{D7174E96-3805-48C7-A768-84EDC4BD5439}.Debug|iPhoneSimulator.ActiveCfg = Debug|iPhoneSimulator
		{D7174E96-3805-48C7-A768-84EDC4BD5439}.Debug|iPhoneSimulator.Build.0 = Debug|iPhoneSimulator
		{D7174E96-3805-48C7-A768-84EDC4BD5439}.Debug|iPhoneSimulator.Deploy.0 = Debug|iPhoneSimulator
		{D7174E96-3805-48C7-A768-84EDC4BD5439}.Debug|x64.ActiveCfg = Debug|iPhoneSimulator
		{D7174E96-3805-48C7-A768-84EDC4BD5439}.Debug|x64.Build.0 = Debug|iPhoneSimulator
		{D7174E96-3805-48C7-A768-84EDC4BD5439}.Debug|x64.Deploy.0 = Debug|iPhoneSimulator
		{D7174E96-3805-48C7-A768-84EDC4BD5439}.Debug|x86.ActiveCfg = Debug|iPhoneSimulator
		{D7174E96-3805-48C7-A768-84EDC4BD5439}.Debug|x86.Build.0 = Debug|iPhoneSimulator
		{D7174E96-3805-48C7-A768-84EDC4BD5439}.Debug|x86.Deploy.0 = Debug|iPhoneSimulator
		{D7174E96-3805-48C7-A768-84EDC4BD5439}.Release|Any CPU.ActiveCfg = Release|iPhoneSimulator
		{D7174E96-3805-48C7-A768-84EDC4BD5439}.Release|Any CPU.Build.0 = Release|iPhoneSimulator
		{D7174E96-3805-48C7-A768-84EDC4BD5439}.Release|Any CPU.Deploy.0 = Release|iPhoneSimulator
		{D7174E96-3805-48C7-A768-84EDC4BD5439}.Release|ARM.ActiveCfg = Release|iPhoneSimulator
		{D7174E96-3805-48C7-A768-84EDC4BD5439}.Release|ARM.Build.0 = Release|iPhoneSimulator
		{D7174E96-3805-48C7-A768-84EDC4BD5439}.Release|ARM.Deploy.0 = Release|iPhoneSimulator
		{D7174E96-3805-48C7-A768-84EDC4BD5439}.Release|iPhone.ActiveCfg = Release|iPhone
		{D7174E96-3805-48C7-A768-84EDC4BD5439}.Release|iPhone.Build.0 = Release|iPhone
		{D7174E96-3805-48C7-A768-84EDC4BD5439}.Release|iPhone.Deploy.0 = Release|iPhone
		{D7174E96-3805-48C7-A768-84EDC4BD5439}.Release|iPhoneSimulator.ActiveCfg = Release|iPhoneSimulator
		{D7174E96-3805-48C7-A768-84EDC4BD5439}.Release|iPhoneSimulator.Build.0 = Release|iPhoneSimulator
		{D7174E96-3805-48C7-A768-84EDC4BD5439}.Release|iPhoneSimulator.Deploy.0 = Release|iPhoneSimulator
		{D7174E96-3805-48C7-A768-84EDC4BD5439}.Release|x64.ActiveCfg = Release|iPhoneSimulator
		{D7174E96-3805-48C7-A768-84EDC4BD5439}.Release|x64.Build.0 = Release|iPhoneSimulator
		{D7174E96-3805-48C7-A768-84EDC4BD5439}.Release|x64.Deploy.0 = Release|iPhoneSimulator
		{D7174E96-3805-48C7-A768-84EDC4BD5439}.Release|x86.ActiveCfg = Release|iPhoneSimulator
		{D7174E96-3805-48C7-A768-84EDC4BD5439}.Release|x86.Build.0 = Release|iPhoneSimulator
		{D7174E96-3805-48C7-A768-84EDC4BD5439}.Release|x86.Deploy.0 = Release|iPhoneSimulator
		{6D8F1122-CEC9-443F-B6C0-AC33A75286EA}.Debug|Any CPU.ActiveCfg = Debug|Any CPU
		{6D8F1122-CEC9-443F-B6C0-AC33A75286EA}.Debug|Any CPU.Build.0 = Debug|Any CPU
		{6D8F1122-CEC9-443F-B6C0-AC33A75286EA}.Debug|Any CPU.Deploy.0 = Debug|Any CPU
		{6D8F1122-CEC9-443F-B6C0-AC33A75286EA}.Debug|ARM.ActiveCfg = Debug|Any CPU
		{6D8F1122-CEC9-443F-B6C0-AC33A75286EA}.Debug|ARM.Build.0 = Debug|Any CPU
		{6D8F1122-CEC9-443F-B6C0-AC33A75286EA}.Debug|ARM.Deploy.0 = Debug|Any CPU
		{6D8F1122-CEC9-443F-B6C0-AC33A75286EA}.Debug|iPhone.ActiveCfg = Debug|Any CPU
		{6D8F1122-CEC9-443F-B6C0-AC33A75286EA}.Debug|iPhone.Build.0 = Debug|Any CPU
		{6D8F1122-CEC9-443F-B6C0-AC33A75286EA}.Debug|iPhone.Deploy.0 = Debug|Any CPU
		{6D8F1122-CEC9-443F-B6C0-AC33A75286EA}.Debug|iPhoneSimulator.ActiveCfg = Debug|Any CPU
		{6D8F1122-CEC9-443F-B6C0-AC33A75286EA}.Debug|iPhoneSimulator.Build.0 = Debug|Any CPU
		{6D8F1122-CEC9-443F-B6C0-AC33A75286EA}.Debug|iPhoneSimulator.Deploy.0 = Debug|Any CPU
		{6D8F1122-CEC9-443F-B6C0-AC33A75286EA}.Debug|x64.ActiveCfg = Debug|Any CPU
		{6D8F1122-CEC9-443F-B6C0-AC33A75286EA}.Debug|x64.Build.0 = Debug|Any CPU
		{6D8F1122-CEC9-443F-B6C0-AC33A75286EA}.Debug|x64.Deploy.0 = Debug|Any CPU
		{6D8F1122-CEC9-443F-B6C0-AC33A75286EA}.Debug|x86.ActiveCfg = Debug|Any CPU
		{6D8F1122-CEC9-443F-B6C0-AC33A75286EA}.Debug|x86.Build.0 = Debug|Any CPU
		{6D8F1122-CEC9-443F-B6C0-AC33A75286EA}.Debug|x86.Deploy.0 = Debug|Any CPU
		{6D8F1122-CEC9-443F-B6C0-AC33A75286EA}.Release|Any CPU.ActiveCfg = Release|Any CPU
		{6D8F1122-CEC9-443F-B6C0-AC33A75286EA}.Release|Any CPU.Build.0 = Release|Any CPU
		{6D8F1122-CEC9-443F-B6C0-AC33A75286EA}.Release|Any CPU.Deploy.0 = Release|Any CPU
		{6D8F1122-CEC9-443F-B6C0-AC33A75286EA}.Release|ARM.ActiveCfg = Release|Any CPU
		{6D8F1122-CEC9-443F-B6C0-AC33A75286EA}.Release|ARM.Build.0 = Release|Any CPU
		{6D8F1122-CEC9-443F-B6C0-AC33A75286EA}.Release|ARM.Deploy.0 = Release|Any CPU
		{6D8F1122-CEC9-443F-B6C0-AC33A75286EA}.Release|iPhone.ActiveCfg = Release|Any CPU
		{6D8F1122-CEC9-443F-B6C0-AC33A75286EA}.Release|iPhone.Build.0 = Release|Any CPU
		{6D8F1122-CEC9-443F-B6C0-AC33A75286EA}.Release|iPhone.Deploy.0 = Release|Any CPU
		{6D8F1122-CEC9-443F-B6C0-AC33A75286EA}.Release|iPhoneSimulator.ActiveCfg = Release|Any CPU
		{6D8F1122-CEC9-443F-B6C0-AC33A75286EA}.Release|iPhoneSimulator.Build.0 = Release|Any CPU
		{6D8F1122-CEC9-443F-B6C0-AC33A75286EA}.Release|iPhoneSimulator.Deploy.0 = Release|Any CPU
		{6D8F1122-CEC9-443F-B6C0-AC33A75286EA}.Release|x64.ActiveCfg = Release|Any CPU
		{6D8F1122-CEC9-443F-B6C0-AC33A75286EA}.Release|x64.Build.0 = Release|Any CPU
		{6D8F1122-CEC9-443F-B6C0-AC33A75286EA}.Release|x64.Deploy.0 = Release|Any CPU
		{6D8F1122-CEC9-443F-B6C0-AC33A75286EA}.Release|x86.ActiveCfg = Release|Any CPU
		{6D8F1122-CEC9-443F-B6C0-AC33A75286EA}.Release|x86.Build.0 = Release|Any CPU
		{6D8F1122-CEC9-443F-B6C0-AC33A75286EA}.Release|x86.Deploy.0 = Release|Any CPU
	EndGlobalSection
	GlobalSection(SolutionProperties) = preSolution
		HideSolutionNode = FALSE
	EndGlobalSection
	GlobalSection(ExtensibilityGlobals) = postSolution
		SolutionGuid = {C7F84D57-645A-4D32-B14D-8DAD73759CA4}
	EndGlobalSection
EndGlobal
